
Microsoft Visual Studio Solution File, Format Version 12.00
# Visual Studio Version 17
VisualStudioVersion = 17.14.36429.23 d17.14
MinimumVisualStudioVersion = 10.0.40219.1
Project("{FAE04EC0-301F-11D3-BF4B-00C04F79EFBC}") = "AEPQ", "AEPQ\AEPQ.csproj", "{84C9BA12-8861-44AA-A0CF-0C3AE53A1C0A}"
EndProject
Global
	GlobalSection(SolutionConfigurationPlatforms) = preSolution
		Debug|Any CPU = Debug|Any CPU
		Release|Any CPU = Release|Any CPU
	EndGlobalSection
	GlobalSection(ProjectConfigurationPlatforms) = postSolution
		{84C9BA12-8861-44AA-A0CF-0C3AE53A1C0A}.Debug|Any CPU.ActiveCfg = Debug|Any CPU
		{84C9BA12-8861-44AA-A0CF-0C3AE53A1C0A}.Debug|Any CPU.Build.0 = Debug|Any CPU
		{84C9BA12-8861-44AA-A0CF-0C3AE53A1C0A}.Release|Any CPU.ActiveCfg = Release|Any CPU
		{84C9BA12-8861-44AA-A0CF-0C3AE53A1C0A}.Release|Any CPU.Build.0 = Release|Any CPU
	EndGlobalSection
	GlobalSection(SolutionProperties) = preSolution
		HideSolutionNode = FALSE
	EndGlobalSection
	GlobalSection(ExtensibilityGlobals) = postSolution
		SolutionGuid = {CF739F6C-166B-4119-B1FE-D242725E98AB}
	EndGlobalSection
EndGlobal
